
Microsoft Visual Studio Solution File, Format Version 12.00
# Visual Studio Version 17
VisualStudioVersion = 17.5.002.0
MinimumVisualStudioVersion = 10.0.40219.1
Project("{9A19103F-16F7-4668-BE54-9A1E7A4F7556}") = "03", "03.csproj", "{7C676E04-143E-4AD0-A381-98BC840B5CCA}"
EndProject
Global
	GlobalSection(SolutionConfigurationPlatforms) = preSolution
		Debug|Any CPU = Debug|Any CPU
		Release|Any CPU = Release|Any CPU
	EndGlobalSection
	GlobalSection(ProjectConfigurationPlatforms) = postSolution
		{7C676E04-143E-4AD0-A381-98BC840B5CCA}.Debug|Any CPU.ActiveCfg = Debug|Any CPU
		{7C676E04-143E-4AD0-A381-98BC840B5CCA}.Debug|Any CPU.Build.0 = Debug|Any CPU
		{7C676E04-143E-4AD0-A381-98BC840B5CCA}.Release|Any CPU.ActiveCfg = Release|Any CPU
		{7C676E04-143E-4AD0-A381-98BC840B5CCA}.Release|Any CPU.Build.0 = Release|Any CPU
	EndGlobalSection
	GlobalSection(SolutionProperties) = preSolution
		HideSolutionNode = FALSE
	EndGlobalSection
	GlobalSection(ExtensibilityGlobals) = postSolution
		SolutionGuid = {E800FE0C-70EF-4119-8679-81700794FFF8}
	EndGlobalSection
EndGlobal
